# This file is automatically @generated by tinymist.
# It is not intended for manual editing.
version = "0.1.0-beta0"

[[document]]
id = "file:src/variants/a4.typ"
inputs = []
main = "file:src/variants/a4.typ"
root = "file:src"
system-fonts = true

[[document]]
id = "file:src/variants/iPhone 16e, wave.typ"
inputs = []
main = "file:src/variants/iPhone 16e, wave.typ"
root = "file:src"
system-fonts = true

[[document]]
id = "file:src/variants/letter.typ"
inputs = []
main = "file:src/variants/letter.typ"
root = "file:src"
system-fonts = true

[[route]]
id = "file:src/variants/letter.typ"
priority = 256

[[route]]
id = "file:src/variants/iPhone 16e, wave.typ"
priority = 256

[[route]]
id = "file:src/variants/a4.typ"
priority = 256

[[task]]
document = "file:src/variants/a4.typ"
id = "file:src/variants/a4.typ"
output = "target/a4"
type = "export-pdf"
when = "never"

[[task]]
document = "file:src/variants/iPhone 16e, wave.typ"
id = "file:src/variants/iPhone 16e, wave.typ"
output = "target/iPhone 16e, wave"
type = "export-pdf"
when = "never"

[[task]]
document = "file:src/variants/letter.typ"
id = "file:src/variants/letter.typ"
output = "target/letter"
type = "export-pdf"
when = "never"
